
Microsoft Visual Studio Solution File, Format Version 12.00
# Visual Studio Version 17
VisualStudioVersion = 17.5.33530.505
MinimumVisualStudioVersion = 10.0.40219.1
Project("{FAE04EC0-301F-11D3-BF4B-00C04F79EFBC}") = "NZWalks.API", "NZWalks.API\NZWalks.API.csproj", "{BA63A454-1F9D-4B8C-BF69-C16293530D4C}"
EndProject
Global
	GlobalSection(SolutionConfigurationPlatforms) = preSolution
		Debug|Any CPU = Debug|Any CPU
		Release|Any CPU = Release|Any CPU
	EndGlobalSection
	GlobalSection(ProjectConfigurationPlatforms) = postSolution
		{BA63A454-1F9D-4B8C-BF69-C16293530D4C}.Debug|Any CPU.ActiveCfg = Debug|Any CPU
		{BA63A454-1F9D-4B8C-BF69-C16293530D4C}.Debug|Any CPU.Build.0 = Debug|Any CPU
		{BA63A454-1F9D-4B8C-BF69-C16293530D4C}.Release|Any CPU.ActiveCfg = Release|Any CPU
		{BA63A454-1F9D-4B8C-BF69-C16293530D4C}.Release|Any CPU.Build.0 = Release|Any CPU
	EndGlobalSection
	GlobalSection(SolutionProperties) = preSolution
		HideSolutionNode = FALSE
	EndGlobalSection
	GlobalSection(ExtensibilityGlobals) = postSolution
		SolutionGuid = {C67607A4-ADAF-401C-86A8-29ED2D510221}
	EndGlobalSection
EndGlobal
